// !$*UTF8*$!
{
	archiveVersion = 1;
	classes = {
	};
	objectVersion = 55;
	objects = {

/* Begin PBXBuildFile section */
		044DABD228D7C9590086FBB8 /* LoadingCell.swift in Sources */ = {isa = PBXBuildFile; fileRef = 044DABD028D7C9590086FBB8 /* LoadingCell.swift */; };
		044DABD328D7C9590086FBB8 /* LoadingCell.xib in Resources */ = {isa = PBXBuildFile; fileRef = 044DABD128D7C9590086FBB8 /* LoadingCell.xib */; };
		049BC7AE28D1E2C200AA975D /* AppDelegate.swift in Sources */ = {isa = PBXBuildFile; fileRef = 049BC7AD28D1E2C200AA975D /* AppDelegate.swift */; };
		049BC7B028D1E2C200AA975D /* SceneDelegate.swift in Sources */ = {isa = PBXBuildFile; fileRef = 049BC7AF28D1E2C200AA975D /* SceneDelegate.swift */; };
		049BC7B228D1E2C200AA975D /* ViewController.swift in Sources */ = {isa = PBXBuildFile; fileRef = 049BC7B128D1E2C200AA975D /* ViewController.swift */; };
		049BC7B528D1E2C200AA975D /* Main.storyboard in Resources */ = {isa = PBXBuildFile; fileRef = 049BC7B328D1E2C200AA975D /* Main.storyboard */; };
		049BC7B728D1E2C400AA975D /* Assets.xcassets in Resources */ = {isa = PBXBuildFile; fileRef = 049BC7B628D1E2C400AA975D /* Assets.xcassets */; };
		049BC7BA28D1E2C400AA975D /* LaunchScreen.storyboard in Resources */ = {isa = PBXBuildFile; fileRef = 049BC7B828D1E2C400AA975D /* LaunchScreen.storyboard */; };
		04D1023B28D7AEA800CFFAA8 /* TMDBViewController.swift in Sources */ = {isa = PBXBuildFile; fileRef = 04D1023A28D7AEA800CFFAA8 /* TMDBViewController.swift */; };
		04D1023D28D7AF0B00CFFAA8 /* TMDBModels.swift in Sources */ = {isa = PBXBuildFile; fileRef = 04D1023C28D7AF0B00CFFAA8 /* TMDBModels.swift */; };
		091060950E49A3DEB20AF37C /* Pods_Homework_9.framework in Frameworks */ = {isa = PBXBuildFile; fileRef = 7F364F3BC581BAA4086DAA9A /* Pods_Homework_9.framework */; };
/* End PBXBuildFile section */

/* Begin PBXFileReference section */
		044DABD028D7C9590086FBB8 /* LoadingCell.swift */ = {isa = PBXFileReference; lastKnownFileType = sourcecode.swift; path = LoadingCell.swift; sourceTree = "<group>"; };
		044DABD128D7C9590086FBB8 /* LoadingCell.xib */ = {isa = PBXFileReference; lastKnownFileType = file.xib; path = LoadingCell.xib; sourceTree = "<group>"; };
		049BC7AA28D1E2C200AA975D /* Homework 9.app */ = {isa = PBXFileReference; explicitFileType = wrapper.application; includeInIndex = 0; path = "Homework 9.app"; sourceTree = BUILT_PRODUCTS_DIR; };
		049BC7AD28D1E2C200AA975D /* AppDelegate.swift */ = {isa = PBXFileReference; lastKnownFileType = sourcecode.swift; path = AppDelegate.swift; sourceTree = "<group>"; };
		049BC7AF28D1E2C200AA975D /* SceneDelegate.swift */ = {isa = PBXFileReference; lastKnownFileType = sourcecode.swift; path = SceneDelegate.swift; sourceTree = "<group>"; };
		049BC7B128D1E2C200AA975D /* ViewController.swift */ = {isa = PBXFileReference; lastKnownFileType = sourcecode.swift; path = ViewController.swift; sourceTree = "<group>"; };
		049BC7B428D1E2C200AA975D /* Base */ = {isa = PBXFileReference; lastKnownFileType = file.storyboard; name = Base; path = Base.lproj/Main.storyboard; sourceTree = "<group>"; };
		049BC7B628D1E2C400AA975D /* Assets.xcassets */ = {isa = PBXFileReference; lastKnownFileType = folder.assetcatalog; path = Assets.xcassets; sourceTree = "<group>"; };
		049BC7B928D1E2C400AA975D /* Base */ = {isa = PBXFileReference; lastKnownFileType = file.storyboard; name = Base; path = Base.lproj/LaunchScreen.storyboard; sourceTree = "<group>"; };
		049BC7BB28D1E2C400AA975D /* Info.plist */ = {isa = PBXFileReference; lastKnownFileType = text.plist.xml; path = Info.plist; sourceTree = "<group>"; };
		04D1023A28D7AEA800CFFAA8 /* TMDBViewController.swift */ = {isa = PBXFileReference; lastKnownFileType = sourcecode.swift; path = TMDBViewController.swift; sourceTree = "<group>"; };
		04D1023C28D7AF0B00CFFAA8 /* TMDBModels.swift */ = {isa = PBXFileReference; lastKnownFileType = sourcecode.swift; path = TMDBModels.swift; sourceTree = "<group>"; };
		7F364F3BC581BAA4086DAA9A /* Pods_Homework_9.framework */ = {isa = PBXFileReference; explicitFileType = wrapper.framework; includeInIndex = 0; path = Pods_Homework_9.framework; sourceTree = BUILT_PRODUCTS_DIR; };
		DF52DEB42413A2ED5557A73C /* Pods-Homework 9.release.xcconfig */ = {isa = PBXFileReference; includeInIndex = 1; lastKnownFileType = text.xcconfig; name = "Pods-Homework 9.release.xcconfig"; path = "Target Support Files/Pods-Homework 9/Pods-Homework 9.release.xcconfig"; sourceTree = "<group>"; };
		EF6B7295A576CBDDBCCD9FCF /* Pods-Homework 9.debug.xcconfig */ = {isa = PBXFileReference; includeInIndex = 1; lastKnownFileType = text.xcconfig; name = "Pods-Homework 9.debug.xcconfig"; path = "Target Support Files/Pods-Homework 9/Pods-Homework 9.debug.xcconfig"; sourceTree = "<group>"; };
/* End PBXFileReference section */

/* Begin PBXFrameworksBuildPhase section */
		049BC7A728D1E2C200AA975D /* Frameworks */ = {
			isa = PBXFrameworksBuildPhase;
			buildActionMask = 2147483647;
			files = (
				091060950E49A3DEB20AF37C /* Pods_Homework_9.framework in Frameworks */,
			);
			runOnlyForDeploymentPostprocessing = 0;
		};
/* End PBXFrameworksBuildPhase section */

/* Begin PBXGroup section */
		049BC7A128D1E2C200AA975D = {
			isa = PBXGroup;
			children = (
				049BC7AC28D1E2C200AA975D /* Homework 9 */,
				049BC7AB28D1E2C200AA975D /* Products */,
				689425B225F4AD98F25143F3 /* Pods */,
				7AE599C85AF557C3570315A5 /* Frameworks */,
			);
			sourceTree = "<group>";
		};
		049BC7AB28D1E2C200AA975D /* Products */ = {
			isa = PBXGroup;
			children = (
				049BC7AA28D1E2C200AA975D /* Homework 9.app */,
			);
			name = Products;
			sourceTree = "<group>";
		};
		049BC7AC28D1E2C200AA975D /* Homework 9 */ = {
			isa = PBXGroup;
			children = (
				049BC7AD28D1E2C200AA975D /* AppDelegate.swift */,
				049BC7AF28D1E2C200AA975D /* SceneDelegate.swift */,
				049BC7B128D1E2C200AA975D /* ViewController.swift */,
				04D1023A28D7AEA800CFFAA8 /* TMDBViewController.swift */,
				04D1023E28D7B97700CFFAA8 /* TMDBTableViewCell */,
				04D1023C28D7AF0B00CFFAA8 /* TMDBModels.swift */,
				049BC7B328D1E2C200AA975D /* Main.storyboard */,
				049BC7B628D1E2C400AA975D /* Assets.xcassets */,
				049BC7B828D1E2C400AA975D /* LaunchScreen.storyboard */,
				049BC7BB28D1E2C400AA975D /* Info.plist */,
			);
			path = "Homework 9";
			sourceTree = "<group>";
		};
		04D1023E28D7B97700CFFAA8 /* TMDBTableViewCell */ = {
			isa = PBXGroup;
			children = (
				044DABD028D7C9590086FBB8 /* LoadingCell.swift */,
				044DABD128D7C9590086FBB8 /* LoadingCell.xib */,
			);
			path = TMDBTableViewCell;
			sourceTree = "<group>";
		};
		689425B225F4AD98F25143F3 /* Pods */ = {
			isa = PBXGroup;
			children = (
				EF6B7295A576CBDDBCCD9FCF /* Pods-Homework 9.debug.xcconfig */,
				DF52DEB42413A2ED5557A73C /* Pods-Homework 9.release.xcconfig */,
			);
			path = Pods;
			sourceTree = "<group>";
		};
		7AE599C85AF557C3570315A5 /* Frameworks */ = {
			isa = PBXGroup;
			children = (
				7F364F3BC581BAA4086DAA9A /* Pods_Homework_9.framework */,
			);
			name = Frameworks;
			sourceTree = "<group>";
		};
/* End PBXGroup section */

/* Begin PBXNativeTarget section */
		049BC7A928D1E2C200AA975D /* Homework 9 */ = {
			isa = PBXNativeTarget;
			buildConfigurationList = 049BC7BE28D1E2C400AA975D /* Build configuration list for PBXNativeTarget "Homework 9" */;
			buildPhases = (
				E91E2E26C88993D183DC7400 /* [CP] Check Pods Manifest.lock */,
				049BC7A628D1E2C200AA975D /* Sources */,
				049BC7A728D1E2C200AA975D /* Frameworks */,
				049BC7A828D1E2C200AA975D /* Resources */,
				E5B7DE7AD91E998F2EAEAEA4 /* [CP] Embed Pods Frameworks */,
			);
			buildRules = (
			);
			dependencies = (
			);
			name = "Homework 9";
			productName = "Homework 9";
			productReference = 049BC7AA28D1E2C200AA975D /* Homework 9.app */;
			productType = "com.apple.product-type.application";
		};
/* End PBXNativeTarget section */

/* Begin PBXProject section */
		049BC7A228D1E2C200AA975D /* Project object */ = {
			isa = PBXProject;
			attributes = {
				BuildIndependentTargetsInParallel = 1;
				LastSwiftUpdateCheck = 1340;
				LastUpgradeCheck = 1340;
				TargetAttributes = {
					049BC7A928D1E2C200AA975D = {
						CreatedOnToolsVersion = 13.4.1;
					};
				};
			};
			buildConfigurationList = 049BC7A528D1E2C200AA975D /* Build configuration list for PBXProject "Homework 9" */;
			compatibilityVersion = "Xcode 13.0";
			developmentRegion = en;
			hasScannedForEncodings = 0;
			knownRegions = (
				en,
				Base,
			);
			mainGroup = 049BC7A128D1E2C200AA975D;
			productRefGroup = 049BC7AB28D1E2C200AA975D /* Products */;
			projectDirPath = "";
			projectRoot = "";
			targets = (
				049BC7A928D1E2C200AA975D /* Homework 9 */,
			);
		};
/* End PBXProject section */

/* Begin PBXResourcesBuildPhase section */
		049BC7A828D1E2C200AA975D /* Resources */ = {
			isa = PBXResourcesBuildPhase;
			buildActionMask = 2147483647;
			files = (
				044DABD328D7C9590086FBB8 /* LoadingCell.xib in Resources */,
				049BC7BA28D1E2C400AA975D /* LaunchScreen.storyboard in Resources */,
				049BC7B728D1E2C400AA975D /* Assets.xcassets in Resources */,
				049BC7B528D1E2C200AA975D /* Main.storyboard in Resources */,
			);
			runOnlyForDeploymentPostprocessing = 0;
		};
/* End PBXResourcesBuildPhase section */

/* Begin PBXShellScriptBuildPhase section */
		E5B7DE7AD91E998F2EAEAEA4 /* [CP] Embed Pods Frameworks */ = {
			isa = PBXShellScriptBuildPhase;
			buildActionMask = 2147483647;
			files = (
			);
			inputFileListPaths = (
				"${PODS_ROOT}/Target Support Files/Pods-Homework 9/Pods-Homework 9-frameworks-${CONFIGURATION}-input-files.xcfilelist",
			);
			name = "[CP] Embed Pods Frameworks";
			outputFileListPaths = (
				"${PODS_ROOT}/Target Support Files/Pods-Homework 9/Pods-Homework 9-frameworks-${CONFIGURATION}-output-files.xcfilelist",
			);
			runOnlyForDeploymentPostprocessing = 0;
			shellPath = /bin/sh;
			shellScript = "\"${PODS_ROOT}/Target Support Files/Pods-Homework 9/Pods-Homework 9-frameworks.sh\"\n";
			showEnvVarsInLog = 0;
		};
		E91E2E26C88993D183DC7400 /* [CP] Check Pods Manifest.lock */ = {
			isa = PBXShellScriptBuildPhase;
			buildActionMask = 2147483647;
			files = (
			);
			inputFileListPaths = (
			);
			inputPaths = (
				"${PODS_PODFILE_DIR_PATH}/Podfile.lock",
				"${PODS_ROOT}/Manifest.lock",
			);
			name = "[CP] Check Pods Manifest.lock";
			outputFileListPaths = (
			);
			outputPaths = (
				"$(DERIVED_FILE_DIR)/Pods-Homework 9-checkManifestLockResult.txt",
			);
			runOnlyForDeploymentPostprocessing = 0;
			shellPath = /bin/sh;
			shellScript = "diff \"${PODS_PODFILE_DIR_PATH}/Podfile.lock\" \"${PODS_ROOT}/Manifest.lock\" > /dev/null\nif [ $? != 0 ] ; then\n    # print error to STDERR\n    echo \"error: The sandbox is not in sync with the Podfile.lock. Run 'pod install' or update your CocoaPods installation.\" >&2\n    exit 1\nfi\n# This output is used by Xcode 'outputs' to avoid re-running this script phase.\necho \"SUCCESS\" > \"${SCRIPT_OUTPUT_FILE_0}\"\n";
			showEnvVarsInLog = 0;
		};
/* End PBXShellScriptBuildPhase section */

/* Begin PBXSourcesBuildPhase section */
		049BC7A628D1E2C200AA975D /* Sources */ = {
			isa = PBXSourcesBuildPhase;
			buildActionMask = 2147483647;
			files = (
				049BC7B228D1E2C200AA975D /* ViewController.swift in Sources */,
				04D1023B28D7AEA800CFFAA8 /* TMDBViewController.swift in Sources */,
				049BC7AE28D1E2C200AA975D /* AppDelegate.swift in Sources */,
				04D1023D28D7AF0B00CFFAA8 /* TMDBModels.swift in Sources */,
				044DABD228D7C9590086FBB8 /* LoadingCell.swift in Sources */,
				049BC7B028D1E2C200AA975D /* SceneDelegate.swift in Sources */,
			);
			runOnlyForDeploymentPostprocessing = 0;
		};
/* End PBXSourcesBuildPhase section */

/* Begin PBXVariantGroup section */
		049BC7B328D1E2C200AA975D /* Main.storyboard */ = {
			isa = PBXVariantGroup;
			children = (
				049BC7B428D1E2C200AA975D /* Base */,
			);
			name = Main.storyboard;
			sourceTree = "<group>";
		};
		049BC7B828D1E2C400AA975D /* LaunchScreen.storyboard */ = {
			isa = PBXVariantGroup;
			children = (
				049BC7B928D1E2C400AA975D /* Base */,
			);
			name = LaunchScreen.storyboard;
			sourceTree = "<group>";
		};
/* End PBXVariantGroup section */

/* Begin XCBuildConfiguration section */
		049BC7BC28D1E2C400AA975D /* Debug */ = {
			isa = XCBuildConfiguration;
			buildSettings = {
				ALWAYS_SEARCH_USER_PATHS = NO;
				CLANG_ANALYZER_NONNULL = YES;
				CLANG_ANALYZER_NUMBER_OBJECT_CONVERSION = YES_AGGRESSIVE;
				CLANG_CXX_LANGUAGE_STANDARD = "gnu++17";
				CLANG_ENABLE_MODULES = YES;
				CLANG_ENABLE_OBJC_ARC = YES;
				CLANG_ENABLE_OBJC_WEAK = YES;
				CLANG_WARN_BLOCK_CAPTURE_AUTORELEASING = YES;
				CLANG_WARN_BOOL_CONVERSION = YES;
				CLANG_WARN_COMMA = YES;
				CLANG_WARN_CONSTANT_CONVERSION = YES;
				CLANG_WARN_DEPRECATED_OBJC_IMPLEMENTATIONS = YES;
				CLANG_WARN_DIRECT_OBJC_ISA_USAGE = YES_ERROR;
				CLANG_WARN_DOCUMENTATION_COMMENTS = YES;
				CLANG_WARN_EMPTY_BODY = YES;
				CLANG_WARN_ENUM_CONVERSION = YES;
				CLANG_WARN_INFINITE_RECURSION = YES;
				CLANG_WARN_INT_CONVERSION = YES;
				CLANG_WARN_NON_LITERAL_NULL_CONVERSION = YES;
				CLANG_WARN_OBJC_IMPLICIT_RETAIN_SELF = YES;
				CLANG_WARN_OBJC_LITERAL_CONVERSION = YES;
				CLANG_WARN_OBJC_ROOT_CLASS = YES_ERROR;
				CLANG_WARN_QUOTED_INCLUDE_IN_FRAMEWORK_HEADER = YES;
				CLANG_WARN_RANGE_LOOP_ANALYSIS = YES;
				CLANG_WARN_STRICT_PROTOTYPES = YES;
				CLANG_WARN_SUSPICIOUS_MOVE = YES;
				CLANG_WARN_UNGUARDED_AVAILABILITY = YES_AGGRESSIVE;
				CLANG_WARN_UNREACHABLE_CODE = YES;
				CLANG_WARN__DUPLICATE_METHOD_MATCH = YES;
				COPY_PHASE_STRIP = NO;
				DEBUG_INFORMATION_FORMAT = dwarf;
				ENABLE_STRICT_OBJC_MSGSEND = YES;
				ENABLE_TESTABILITY = YES;
				GCC_C_LANGUAGE_STANDARD = gnu11;
				GCC_DYNAMIC_NO_PIC = NO;
				GCC_NO_COMMON_BLOCKS = YES;
				GCC_OPTIMIZATION_LEVEL = 0;
				GCC_PREPROCESSOR_DEFINITIONS = (
					"DEBUG=1",
					"$(inherited)",
				);
				GCC_WARN_64_TO_32_BIT_CONVERSION = YES;
				GCC_WARN_ABOUT_RETURN_TYPE = YES_ERROR;
				GCC_WARN_UNDECLARED_SELECTOR = YES;
				GCC_WARN_UNINITIALIZED_AUTOS = YES_AGGRESSIVE;
				GCC_WARN_UNUSED_FUNCTION = YES;
				GCC_WARN_UNUSED_VARIABLE = YES;
				IPHONEOS_DEPLOYMENT_TARGET = 15.5;
				MTL_ENABLE_DEBUG_INFO = INCLUDE_SOURCE;
				MTL_FAST_MATH = YES;
				ONLY_ACTIVE_ARCH = YES;
				SDKROOT = iphoneos;
				SWIFT_ACTIVE_COMPILATION_CONDITIONS = DEBUG;
				SWIFT_OPTIMIZATION_LEVEL = "-Onone";
			};
			name = Debug;
		};
		049BC7BD28D1E2C400AA975D /* Release */ = {
			isa = XCBuildConfiguration;
			buildSettings = {
				ALWAYS_SEARCH_USER_PATHS = NO;
				CLANG_ANALYZER_NONNULL = YES;
				CLANG_ANALYZER_NUMBER_OBJECT_CONVERSION = YES_AGGRESSIVE;
				CLANG_CXX_LANGUAGE_STANDARD = "gnu++17";
				CLANG_ENABLE_MODULES = YES;
				CLANG_ENABLE_OBJC_ARC = YES;
				CLANG_ENABLE_OBJC_WEAK = YES;
				CLANG_WARN_BLOCK_CAPTURE_AUTORELEASING = YES;
				CLANG_WARN_BOOL_CONVERSION = YES;
				CLANG_WARN_COMMA = YES;
				CLANG_WARN_CONSTANT_CONVERSION = YES;
				CLANG_WARN_DEPRECATED_OBJC_IMPLEMENTATIONS = YES;
				CLANG_WARN_DIRECT_OBJC_ISA_USAGE = YES_ERROR;
				CLANG_WARN_DOCUMENTATION_COMMENTS = YES;
				CLANG_WARN_EMPTY_BODY = YES;
				CLANG_WARN_ENUM_CONVERSION = YES;
				CLANG_WARN_INFINITE_RECURSION = YES;
				CLANG_WARN_INT_CONVERSION = YES;
				CLANG_WARN_NON_LITERAL_NULL_CONVERSION = YES;
				CLANG_WARN_OBJC_IMPLICIT_RETAIN_SELF = YES;
				CLANG_WARN_OBJC_LITERAL_CONVERSION = YES;
				CLANG_WARN_OBJC_ROOT_CLASS = YES_ERROR;
				CLANG_WARN_QUOTED_INCLUDE_IN_FRAMEWORK_HEADER = YES;
				CLANG_WARN_RANGE_LOOP_ANALYSIS = YES;
				CLANG_WARN_STRICT_PROTOTYPES = YES;
				CLANG_WARN_SUSPICIOUS_MOVE = YES;
				CLANG_WARN_UNGUARDED_AVAILABILITY = YES_AGGRESSIVE;
				CLANG_WARN_UNREACHABLE_CODE = YES;
				CLANG_WARN__DUPLICATE_METHOD_MATCH = YES;
				COPY_PHASE_STRIP = NO;
				DEBUG_INFORMATION_FORMAT = "dwarf-with-dsym";
				ENABLE_NS_ASSERTIONS = NO;
				ENABLE_STRICT_OBJC_MSGSEND = YES;
				GCC_C_LANGUAGE_STANDARD = gnu11;
				GCC_NO_COMMON_BLOCKS = YES;
				GCC_WARN_64_TO_32_BIT_CONVERSION = YES;
				GCC_WARN_ABOUT_RETURN_TYPE = YES_ERROR;
				GCC_WARN_UNDECLARED_SELECTOR = YES;
				GCC_WARN_UNINITIALIZED_AUTOS = YES_AGGRESSIVE;
				GCC_WARN_UNUSED_FUNCTION = YES;
				GCC_WARN_UNUSED_VARIABLE = YES;
				IPHONEOS_DEPLOYMENT_TARGET = 15.5;
				MTL_ENABLE_DEBUG_INFO = NO;
				MTL_FAST_MATH = YES;
				SDKROOT = iphoneos;
				SWIFT_COMPILATION_MODE = wholemodule;
				SWIFT_OPTIMIZATION_LEVEL = "-O";
				VALIDATE_PRODUCT = YES;
			};
			name = Release;
		};
		049BC7BF28D1E2C400AA975D /* Debug */ = {
			isa = XCBuildConfiguration;
			baseConfigurationReference = EF6B7295A576CBDDBCCD9FCF /* Pods-Homework 9.debug.xcconfig */;
			buildSettings = {
				ASSETCATALOG_COMPILER_APPICON_NAME = AppIcon;
				ASSETCATALOG_COMPILER_GLOBAL_ACCENT_COLOR_NAME = AccentColor;
				CODE_SIGN_STYLE = Automatic;
				CURRENT_PROJECT_VERSION = 1;
				DEVELOPMENT_TEAM = KU38Q6SWMB;
				GENERATE_INFOPLIST_FILE = YES;
				INFOPLIST_FILE = "Homework 9/Info.plist";
				INFOPLIST_KEY_UIApplicationSupportsIndirectInputEvents = YES;
				INFOPLIST_KEY_UILaunchStoryboardName = LaunchScreen;
				INFOPLIST_KEY_UIMainStoryboardFile = Main;
				INFOPLIST_KEY_UISupportedInterfaceOrientations_iPad = "UIInterfaceOrientationPortrait UIInterfaceOrientationPortraitUpsideDown UIInterfaceOrientationLandscapeLeft UIInterfaceOrientationLandscapeRight";
				INFOPLIST_KEY_UISupportedInterfaceOrientations_iPhone = "UIInterfaceOrientationPortrait UIInterfaceOrientationLandscapeLeft UIInterfaceOrientationLandscapeRight";
				LD_RUNPATH_SEARCH_PATHS = (
					"$(inherited)",
					"@executable_path/Frameworks",
				);
				MARKETING_VERSION = 1.0;
				PRODUCT_BUNDLE_IDENTIFIER = "myapp.Homework-9";
				PRODUCT_NAME = "$(TARGET_NAME)";
				SWIFT_EMIT_LOC_STRINGS = YES;
				SWIFT_VERSION = 5.0;
				TARGETED_DEVICE_FAMILY = "1,2";
			};
			name = Debug;
		};
		049BC7C028D1E2C400AA975D /* Release */ = {
			isa = XCBuildConfiguration;
			baseConfigurationReference = DF52DEB42413A2ED5557A73C /* Pods-Homework 9.release.xcconfig */;
			buildSettings = {
				ASSETCATALOG_COMPILER_APPICON_NAME = AppIcon;
				ASSETCATALOG_COMPILER_GLOBAL_ACCENT_COLOR_NAME = AccentColor;
				CODE_SIGN_STYLE = Automatic;
				CURRENT_PROJECT_VERSION = 1;
				DEVELOPMENT_TEAM = KU38Q6SWMB;
				GENERATE_INFOPLIST_FILE = YES;
				INFOPLIST_FILE = "Homework 9/Info.plist";
				INFOPLIST_KEY_UIApplicationSupportsIndirectInputEvents = YES;
				INFOPLIST_KEY_UILaunchStoryboardName = LaunchScreen;
				INFOPLIST_KEY_UIMainStoryboardFile = Main;
				INFOPLIST_KEY_UISupportedInterfaceOrientations_iPad = "UIInterfaceOrientationPortrait UIInterfaceOrientationPortraitUpsideDown UIInterfaceOrientationLandscapeLeft UIInterfaceOrientationLandscapeRight";
				INFOPLIST_KEY_UISupportedInterfaceOrientations_iPhone = "UIInterfaceOrientationPortrait UIInterfaceOrientationLandscapeLeft UIInterfaceOrientationLandscapeRight";
				LD_RUNPATH_SEARCH_PATHS = (
					"$(inherited)",
					"@executable_path/Frameworks",
				);
				MARKETING_VERSION = 1.0;
				PRODUCT_BUNDLE_IDENTIFIER = "myapp.Homework-9";
				PRODUCT_NAME = "$(TARGET_NAME)";
				SWIFT_EMIT_LOC_STRINGS = YES;
				SWIFT_VERSION = 5.0;
				TARGETED_DEVICE_FAMILY = "1,2";
			};
			name = Release;
		};
/* End XCBuildConfiguration section */

/* Begin XCConfigurationList section */
		049BC7A528D1E2C200AA975D /* Build configuration list for PBXProject "Homework 9" */ = {
			isa = XCConfigurationList;
			buildConfigurations = (
				049BC7BC28D1E2C400AA975D /* Debug */,
				049BC7BD28D1E2C400AA975D /* Release */,
			);
			defaultConfigurationIsVisible = 0;
			defaultConfigurationName = Release;
		};
		049BC7BE28D1E2C400AA975D /* Build configuration list for PBXNativeTarget "Homework 9" */ = {
			isa = XCConfigurationList;
			buildConfigurations = (
				049BC7BF28D1E2C400AA975D /* Debug */,
				049BC7C028D1E2C400AA975D /* Release */,
			);
			defaultConfigurationIsVisible = 0;
			defaultConfigurationName = Release;
		};
/* End XCConfigurationList section */
	};
	rootObject = 049BC7A228D1E2C200AA975D /* Project object */;
}
