// !$*UTF8*$!
{
	archiveVersion = 1;
	classes = {
	};
	objectVersion = 55;
	objects = {

/* Begin PBXBuildFile section */
		0440FFB628B9004B00A3635A /* SomeTableViewCell.swift in Sources */ = {isa = PBXBuildFile; fileRef = 0440FFB528B9004B00A3635A /* SomeTableViewCell.swift */; };
		0440FFB828B91EF600A3635A /* SimpleDetailsViewController.swift in Sources */ = {isa = PBXBuildFile; fileRef = 0440FFB728B91EF500A3635A /* SimpleDetailsViewController.swift */; };
		04DA9EF828B7DA9E00B99A9F /* AppDelegate.swift in Sources */ = {isa = PBXBuildFile; fileRef = 04DA9EF728B7DA9E00B99A9F /* AppDelegate.swift */; };
		04DA9EFA28B7DA9E00B99A9F /* SceneDelegate.swift in Sources */ = {isa = PBXBuildFile; fileRef = 04DA9EF928B7DA9E00B99A9F /* SceneDelegate.swift */; };
		04DA9EFC28B7DA9E00B99A9F /* ViewController.swift in Sources */ = {isa = PBXBuildFile; fileRef = 04DA9EFB28B7DA9E00B99A9F /* ViewController.swift */; };
		04DA9EFF28B7DA9E00B99A9F /* Main.storyboard in Resources */ = {isa = PBXBuildFile; fileRef = 04DA9EFD28B7DA9E00B99A9F /* Main.storyboard */; };
		04DA9F0128B7DA9E00B99A9F /* Assets.xcassets in Resources */ = {isa = PBXBuildFile; fileRef = 04DA9F0028B7DA9E00B99A9F /* Assets.xcassets */; };
		04DA9F0428B7DA9E00B99A9F /* LaunchScreen.storyboard in Resources */ = {isa = PBXBuildFile; fileRef = 04DA9F0228B7DA9E00B99A9F /* LaunchScreen.storyboard */; };
/* End PBXBuildFile section */

/* Begin PBXFileReference section */
		0440FFB528B9004B00A3635A /* SomeTableViewCell.swift */ = {isa = PBXFileReference; lastKnownFileType = sourcecode.swift; path = SomeTableViewCell.swift; sourceTree = "<group>"; };
		0440FFB728B91EF500A3635A /* SimpleDetailsViewController.swift */ = {isa = PBXFileReference; lastKnownFileType = sourcecode.swift; path = SimpleDetailsViewController.swift; sourceTree = "<group>"; };
		04DA9EF428B7DA9E00B99A9F /* Simple UITableView.app */ = {isa = PBXFileReference; explicitFileType = wrapper.application; includeInIndex = 0; path = "Simple UITableView.app"; sourceTree = BUILT_PRODUCTS_DIR; };
		04DA9EF728B7DA9E00B99A9F /* AppDelegate.swift */ = {isa = PBXFileReference; lastKnownFileType = sourcecode.swift; path = AppDelegate.swift; sourceTree = "<group>"; };
		04DA9EF928B7DA9E00B99A9F /* SceneDelegate.swift */ = {isa = PBXFileReference; lastKnownFileType = sourcecode.swift; path = SceneDelegate.swift; sourceTree = "<group>"; };
		04DA9EFB28B7DA9E00B99A9F /* ViewController.swift */ = {isa = PBXFileReference; lastKnownFileType = sourcecode.swift; path = ViewController.swift; sourceTree = "<group>"; };
		04DA9EFE28B7DA9E00B99A9F /* Base */ = {isa = PBXFileReference; lastKnownFileType = file.storyboard; name = Base; path = Base.lproj/Main.storyboard; sourceTree = "<group>"; };
		04DA9F0028B7DA9E00B99A9F /* Assets.xcassets */ = {isa = PBXFileReference; lastKnownFileType = folder.assetcatalog; path = Assets.xcassets; sourceTree = "<group>"; };
		04DA9F0328B7DA9E00B99A9F /* Base */ = {isa = PBXFileReference; lastKnownFileType = file.storyboard; name = Base; path = Base.lproj/LaunchScreen.storyboard; sourceTree = "<group>"; };
		04DA9F0528B7DA9E00B99A9F /* Info.plist */ = {isa = PBXFileReference; lastKnownFileType = text.plist.xml; path = Info.plist; sourceTree = "<group>"; };
/* End PBXFileReference section */

/* Begin PBXFrameworksBuildPhase section */
		04DA9EF128B7DA9E00B99A9F /* Frameworks */ = {
			isa = PBXFrameworksBuildPhase;
			buildActionMask = 2147483647;
			files = (
			);
			runOnlyForDeploymentPostprocessing = 0;
		};
/* End PBXFrameworksBuildPhase section */

/* Begin PBXGroup section */
		0440FFB028B8FB9500A3635A /* SimpleTableView */ = {
			isa = PBXGroup;
			children = (
				0440FFB528B9004B00A3635A /* SomeTableViewCell.swift */,
				0440FFB728B91EF500A3635A /* SimpleDetailsViewController.swift */,
			);
			path = SimpleTableView;
			sourceTree = "<group>";
		};
		04DA9EEB28B7DA9E00B99A9F = {
			isa = PBXGroup;
			children = (
				04DA9EF628B7DA9E00B99A9F /* Simple UITableView */,
				04DA9EF528B7DA9E00B99A9F /* Products */,
			);
			sourceTree = "<group>";
		};
		04DA9EF528B7DA9E00B99A9F /* Products */ = {
			isa = PBXGroup;
			children = (
				04DA9EF428B7DA9E00B99A9F /* Simple UITableView.app */,
			);
			name = Products;
			sourceTree = "<group>";
		};
		04DA9EF628B7DA9E00B99A9F /* Simple UITableView */ = {
			isa = PBXGroup;
			children = (
				0440FFB028B8FB9500A3635A /* SimpleTableView */,
				04DA9EF728B7DA9E00B99A9F /* AppDelegate.swift */,
				04DA9EF928B7DA9E00B99A9F /* SceneDelegate.swift */,
				04DA9EFB28B7DA9E00B99A9F /* ViewController.swift */,
				04DA9EFD28B7DA9E00B99A9F /* Main.storyboard */,
				04DA9F0028B7DA9E00B99A9F /* Assets.xcassets */,
				04DA9F0228B7DA9E00B99A9F /* LaunchScreen.storyboard */,
				04DA9F0528B7DA9E00B99A9F /* Info.plist */,
			);
			path = "Simple UITableView";
			sourceTree = "<group>";
		};
/* End PBXGroup section */

/* Begin PBXNativeTarget section */
		04DA9EF328B7DA9E00B99A9F /* Simple UITableView */ = {
			isa = PBXNativeTarget;
			buildConfigurationList = 04DA9F0828B7DA9E00B99A9F /* Build configuration list for PBXNativeTarget "Simple UITableView" */;
			buildPhases = (
				04DA9EF028B7DA9E00B99A9F /* Sources */,
				04DA9EF128B7DA9E00B99A9F /* Frameworks */,
				04DA9EF228B7DA9E00B99A9F /* Resources */,
			);
			buildRules = (
			);
			dependencies = (
			);
			name = "Simple UITableView";
			productName = "Simple UITableView";
			productReference = 04DA9EF428B7DA9E00B99A9F /* Simple UITableView.app */;
			productType = "com.apple.product-type.application";
		};
/* End PBXNativeTarget section */

/* Begin PBXProject section */
		04DA9EEC28B7DA9E00B99A9F /* Project object */ = {
			isa = PBXProject;
			attributes = {
				BuildIndependentTargetsInParallel = 1;
				LastSwiftUpdateCheck = 1340;
				LastUpgradeCheck = 1340;
				TargetAttributes = {
					04DA9EF328B7DA9E00B99A9F = {
						CreatedOnToolsVersion = 13.4.1;
					};
				};
			};
			buildConfigurationList = 04DA9EEF28B7DA9E00B99A9F /* Build configuration list for PBXProject "Simple UITableView" */;
			compatibilityVersion = "Xcode 13.0";
			developmentRegion = en;
			hasScannedForEncodings = 0;
			knownRegions = (
				en,
				Base,
			);
			mainGroup = 04DA9EEB28B7DA9E00B99A9F;
			productRefGroup = 04DA9EF528B7DA9E00B99A9F /* Products */;
			projectDirPath = "";
			projectRoot = "";
			targets = (
				04DA9EF328B7DA9E00B99A9F /* Simple UITableView */,
			);
		};
/* End PBXProject section */

/* Begin PBXResourcesBuildPhase section */
		04DA9EF228B7DA9E00B99A9F /* Resources */ = {
			isa = PBXResourcesBuildPhase;
			buildActionMask = 2147483647;
			files = (
				04DA9F0428B7DA9E00B99A9F /* LaunchScreen.storyboard in Resources */,
				04DA9F0128B7DA9E00B99A9F /* Assets.xcassets in Resources */,
				04DA9EFF28B7DA9E00B99A9F /* Main.storyboard in Resources */,
			);
			runOnlyForDeploymentPostprocessing = 0;
		};
/* End PBXResourcesBuildPhase section */

/* Begin PBXSourcesBuildPhase section */
		04DA9EF028B7DA9E00B99A9F /* Sources */ = {
			isa = PBXSourcesBuildPhase;
			buildActionMask = 2147483647;
			files = (
				04DA9EFC28B7DA9E00B99A9F /* ViewController.swift in Sources */,
				0440FFB828B91EF600A3635A /* SimpleDetailsViewController.swift in Sources */,
				0440FFB628B9004B00A3635A /* SomeTableViewCell.swift in Sources */,
				04DA9EF828B7DA9E00B99A9F /* AppDelegate.swift in Sources */,
				04DA9EFA28B7DA9E00B99A9F /* SceneDelegate.swift in Sources */,
			);
			runOnlyForDeploymentPostprocessing = 0;
		};
/* End PBXSourcesBuildPhase section */

/* Begin PBXVariantGroup section */
		04DA9EFD28B7DA9E00B99A9F /* Main.storyboard */ = {
			isa = PBXVariantGroup;
			children = (
				04DA9EFE28B7DA9E00B99A9F /* Base */,
			);
			name = Main.storyboard;
			sourceTree = "<group>";
		};
		04DA9F0228B7DA9E00B99A9F /* LaunchScreen.storyboard */ = {
			isa = PBXVariantGroup;
			children = (
				04DA9F0328B7DA9E00B99A9F /* Base */,
			);
			name = LaunchScreen.storyboard;
			sourceTree = "<group>";
		};
/* End PBXVariantGroup section */

/* Begin XCBuildConfiguration section */
		04DA9F0628B7DA9E00B99A9F /* Debug */ = {
			isa = XCBuildConfiguration;
			buildSettings = {
				ALWAYS_SEARCH_USER_PATHS = NO;
				CLANG_ANALYZER_NONNULL = YES;
				CLANG_ANALYZER_NUMBER_OBJECT_CONVERSION = YES_AGGRESSIVE;
				CLANG_CXX_LANGUAGE_STANDARD = "gnu++17";
				CLANG_ENABLE_MODULES = YES;
				CLANG_ENABLE_OBJC_ARC = YES;
				CLANG_ENABLE_OBJC_WEAK = YES;
				CLANG_WARN_BLOCK_CAPTURE_AUTORELEASING = YES;
				CLANG_WARN_BOOL_CONVERSION = YES;
				CLANG_WARN_COMMA = YES;
				CLANG_WARN_CONSTANT_CONVERSION = YES;
				CLANG_WARN_DEPRECATED_OBJC_IMPLEMENTATIONS = YES;
				CLANG_WARN_DIRECT_OBJC_ISA_USAGE = YES_ERROR;
				CLANG_WARN_DOCUMENTATION_COMMENTS = YES;
				CLANG_WARN_EMPTY_BODY = YES;
				CLANG_WARN_ENUM_CONVERSION = YES;
				CLANG_WARN_INFINITE_RECURSION = YES;
				CLANG_WARN_INT_CONVERSION = YES;
				CLANG_WARN_NON_LITERAL_NULL_CONVERSION = YES;
				CLANG_WARN_OBJC_IMPLICIT_RETAIN_SELF = YES;
				CLANG_WARN_OBJC_LITERAL_CONVERSION = YES;
				CLANG_WARN_OBJC_ROOT_CLASS = YES_ERROR;
				CLANG_WARN_QUOTED_INCLUDE_IN_FRAMEWORK_HEADER = YES;
				CLANG_WARN_RANGE_LOOP_ANALYSIS = YES;
				CLANG_WARN_STRICT_PROTOTYPES = YES;
				CLANG_WARN_SUSPICIOUS_MOVE = YES;
				CLANG_WARN_UNGUARDED_AVAILABILITY = YES_AGGRESSIVE;
				CLANG_WARN_UNREACHABLE_CODE = YES;
				CLANG_WARN__DUPLICATE_METHOD_MATCH = YES;
				COPY_PHASE_STRIP = NO;
				DEBUG_INFORMATION_FORMAT = dwarf;
				ENABLE_STRICT_OBJC_MSGSEND = YES;
				ENABLE_TESTABILITY = YES;
				GCC_C_LANGUAGE_STANDARD = gnu11;
				GCC_DYNAMIC_NO_PIC = NO;
				GCC_NO_COMMON_BLOCKS = YES;
				GCC_OPTIMIZATION_LEVEL = 0;
				GCC_PREPROCESSOR_DEFINITIONS = (
					"DEBUG=1",
					"$(inherited)",
				);
				GCC_WARN_64_TO_32_BIT_CONVERSION = YES;
				GCC_WARN_ABOUT_RETURN_TYPE = YES_ERROR;
				GCC_WARN_UNDECLARED_SELECTOR = YES;
				GCC_WARN_UNINITIALIZED_AUTOS = YES_AGGRESSIVE;
				GCC_WARN_UNUSED_FUNCTION = YES;
				GCC_WARN_UNUSED_VARIABLE = YES;
				IPHONEOS_DEPLOYMENT_TARGET = 15.5;
				MTL_ENABLE_DEBUG_INFO = INCLUDE_SOURCE;
				MTL_FAST_MATH = YES;
				ONLY_ACTIVE_ARCH = YES;
				SDKROOT = iphoneos;
				SWIFT_ACTIVE_COMPILATION_CONDITIONS = DEBUG;
				SWIFT_OPTIMIZATION_LEVEL = "-Onone";
			};
			name = Debug;
		};
		04DA9F0728B7DA9E00B99A9F /* Release */ = {
			isa = XCBuildConfiguration;
			buildSettings = {
				ALWAYS_SEARCH_USER_PATHS = NO;
				CLANG_ANALYZER_NONNULL = YES;
				CLANG_ANALYZER_NUMBER_OBJECT_CONVERSION = YES_AGGRESSIVE;
				CLANG_CXX_LANGUAGE_STANDARD = "gnu++17";
				CLANG_ENABLE_MODULES = YES;
				CLANG_ENABLE_OBJC_ARC = YES;
				CLANG_ENABLE_OBJC_WEAK = YES;
				CLANG_WARN_BLOCK_CAPTURE_AUTORELEASING = YES;
				CLANG_WARN_BOOL_CONVERSION = YES;
				CLANG_WARN_COMMA = YES;
				CLANG_WARN_CONSTANT_CONVERSION = YES;
				CLANG_WARN_DEPRECATED_OBJC_IMPLEMENTATIONS = YES;
				CLANG_WARN_DIRECT_OBJC_ISA_USAGE = YES_ERROR;
				CLANG_WARN_DOCUMENTATION_COMMENTS = YES;
				CLANG_WARN_EMPTY_BODY = YES;
				CLANG_WARN_ENUM_CONVERSION = YES;
				CLANG_WARN_INFINITE_RECURSION = YES;
				CLANG_WARN_INT_CONVERSION = YES;
				CLANG_WARN_NON_LITERAL_NULL_CONVERSION = YES;
				CLANG_WARN_OBJC_IMPLICIT_RETAIN_SELF = YES;
				CLANG_WARN_OBJC_LITERAL_CONVERSION = YES;
				CLANG_WARN_OBJC_ROOT_CLASS = YES_ERROR;
				CLANG_WARN_QUOTED_INCLUDE_IN_FRAMEWORK_HEADER = YES;
				CLANG_WARN_RANGE_LOOP_ANALYSIS = YES;
				CLANG_WARN_STRICT_PROTOTYPES = YES;
				CLANG_WARN_SUSPICIOUS_MOVE = YES;
				CLANG_WARN_UNGUARDED_AVAILABILITY = YES_AGGRESSIVE;
				CLANG_WARN_UNREACHABLE_CODE = YES;
				CLANG_WARN__DUPLICATE_METHOD_MATCH = YES;
				COPY_PHASE_STRIP = NO;
				DEBUG_INFORMATION_FORMAT = "dwarf-with-dsym";
				ENABLE_NS_ASSERTIONS = NO;
				ENABLE_STRICT_OBJC_MSGSEND = YES;
				GCC_C_LANGUAGE_STANDARD = gnu11;
				GCC_NO_COMMON_BLOCKS = YES;
				GCC_WARN_64_TO_32_BIT_CONVERSION = YES;
				GCC_WARN_ABOUT_RETURN_TYPE = YES_ERROR;
				GCC_WARN_UNDECLARED_SELECTOR = YES;
				GCC_WARN_UNINITIALIZED_AUTOS = YES_AGGRESSIVE;
				GCC_WARN_UNUSED_FUNCTION = YES;
				GCC_WARN_UNUSED_VARIABLE = YES;
				IPHONEOS_DEPLOYMENT_TARGET = 15.5;
				MTL_ENABLE_DEBUG_INFO = NO;
				MTL_FAST_MATH = YES;
				SDKROOT = iphoneos;
				SWIFT_COMPILATION_MODE = wholemodule;
				SWIFT_OPTIMIZATION_LEVEL = "-O";
				VALIDATE_PRODUCT = YES;
			};
			name = Release;
		};
		04DA9F0928B7DA9E00B99A9F /* Debug */ = {
			isa = XCBuildConfiguration;
			buildSettings = {
				ASSETCATALOG_COMPILER_APPICON_NAME = AppIcon;
				ASSETCATALOG_COMPILER_GLOBAL_ACCENT_COLOR_NAME = AccentColor;
				CODE_SIGN_STYLE = Automatic;
				CURRENT_PROJECT_VERSION = 1;
				DEVELOPMENT_TEAM = KU38Q6SWMB;
				GENERATE_INFOPLIST_FILE = YES;
				INFOPLIST_FILE = "Simple UITableView/Info.plist";
				INFOPLIST_KEY_UIApplicationSupportsIndirectInputEvents = YES;
				INFOPLIST_KEY_UILaunchStoryboardName = LaunchScreen;
				INFOPLIST_KEY_UIMainStoryboardFile = Main;
				INFOPLIST_KEY_UISupportedInterfaceOrientations_iPad = "UIInterfaceOrientationPortrait UIInterfaceOrientationPortraitUpsideDown UIInterfaceOrientationLandscapeLeft UIInterfaceOrientationLandscapeRight";
				INFOPLIST_KEY_UISupportedInterfaceOrientations_iPhone = "UIInterfaceOrientationPortrait UIInterfaceOrientationLandscapeLeft UIInterfaceOrientationLandscapeRight";
				LD_RUNPATH_SEARCH_PATHS = (
					"$(inherited)",
					"@executable_path/Frameworks",
				);
				MARKETING_VERSION = 1.0;
				PRODUCT_BUNDLE_IDENTIFIER = "myapp.Simple-UITableView";
				PRODUCT_NAME = "$(TARGET_NAME)";
				SWIFT_EMIT_LOC_STRINGS = YES;
				SWIFT_VERSION = 5.0;
				TARGETED_DEVICE_FAMILY = "1,2";
			};
			name = Debug;
		};
		04DA9F0A28B7DA9E00B99A9F /* Release */ = {
			isa = XCBuildConfiguration;
			buildSettings = {
				ASSETCATALOG_COMPILER_APPICON_NAME = AppIcon;
				ASSETCATALOG_COMPILER_GLOBAL_ACCENT_COLOR_NAME = AccentColor;
				CODE_SIGN_STYLE = Automatic;
				CURRENT_PROJECT_VERSION = 1;
				DEVELOPMENT_TEAM = KU38Q6SWMB;
				GENERATE_INFOPLIST_FILE = YES;
				INFOPLIST_FILE = "Simple UITableView/Info.plist";
				INFOPLIST_KEY_UIApplicationSupportsIndirectInputEvents = YES;
				INFOPLIST_KEY_UILaunchStoryboardName = LaunchScreen;
				INFOPLIST_KEY_UIMainStoryboardFile = Main;
				INFOPLIST_KEY_UISupportedInterfaceOrientations_iPad = "UIInterfaceOrientationPortrait UIInterfaceOrientationPortraitUpsideDown UIInterfaceOrientationLandscapeLeft UIInterfaceOrientationLandscapeRight";
				INFOPLIST_KEY_UISupportedInterfaceOrientations_iPhone = "UIInterfaceOrientationPortrait UIInterfaceOrientationLandscapeLeft UIInterfaceOrientationLandscapeRight";
				LD_RUNPATH_SEARCH_PATHS = (
					"$(inherited)",
					"@executable_path/Frameworks",
				);
				MARKETING_VERSION = 1.0;
				PRODUCT_BUNDLE_IDENTIFIER = "myapp.Simple-UITableView";
				PRODUCT_NAME = "$(TARGET_NAME)";
				SWIFT_EMIT_LOC_STRINGS = YES;
				SWIFT_VERSION = 5.0;
				TARGETED_DEVICE_FAMILY = "1,2";
			};
			name = Release;
		};
/* End XCBuildConfiguration section */

/* Begin XCConfigurationList section */
		04DA9EEF28B7DA9E00B99A9F /* Build configuration list for PBXProject "Simple UITableView" */ = {
			isa = XCConfigurationList;
			buildConfigurations = (
				04DA9F0628B7DA9E00B99A9F /* Debug */,
				04DA9F0728B7DA9E00B99A9F /* Release */,
			);
			defaultConfigurationIsVisible = 0;
			defaultConfigurationName = Release;
		};
		04DA9F0828B7DA9E00B99A9F /* Build configuration list for PBXNativeTarget "Simple UITableView" */ = {
			isa = XCConfigurationList;
			buildConfigurations = (
				04DA9F0928B7DA9E00B99A9F /* Debug */,
				04DA9F0A28B7DA9E00B99A9F /* Release */,
			);
			defaultConfigurationIsVisible = 0;
			defaultConfigurationName = Release;
		};
/* End XCConfigurationList section */
	};
	rootObject = 04DA9EEC28B7DA9E00B99A9F /* Project object */;
}
