// !$*UTF8*$!
{
	archiveVersion = 1;
	classes = {
	};
	objectVersion = 55;
	objects = {

/* Begin PBXBuildFile section */
		0432340028AFAFDA00BE361F /* CustomTopView.swift in Sources */ = {isa = PBXBuildFile; fileRef = 043233FF28AFAFDA00BE361F /* CustomTopView.swift */; };
		0432340228AFAFF800BE361F /* CustomTopView.xib in Resources */ = {isa = PBXBuildFile; fileRef = 0432340128AFAFF800BE361F /* CustomTopView.xib */; };
		0444087428AEE3AA00518577 /* Monobank.swift in Sources */ = {isa = PBXBuildFile; fileRef = 0444087328AEE3AA00518577 /* Monobank.swift */; };
		04D4004E28AE87C600423D0F /* AppDelegate.swift in Sources */ = {isa = PBXBuildFile; fileRef = 04D4004D28AE87C600423D0F /* AppDelegate.swift */; };
		04D4005028AE87C600423D0F /* SceneDelegate.swift in Sources */ = {isa = PBXBuildFile; fileRef = 04D4004F28AE87C600423D0F /* SceneDelegate.swift */; };
		04D4005528AE87C600423D0F /* Main.storyboard in Resources */ = {isa = PBXBuildFile; fileRef = 04D4005328AE87C600423D0F /* Main.storyboard */; };
		04D4005728AE87C600423D0F /* Assets.xcassets in Resources */ = {isa = PBXBuildFile; fileRef = 04D4005628AE87C600423D0F /* Assets.xcassets */; };
		04D4005A28AE87C600423D0F /* LaunchScreen.storyboard in Resources */ = {isa = PBXBuildFile; fileRef = 04D4005828AE87C600423D0F /* LaunchScreen.storyboard */; };
		04D4006328AEA63E00423D0F /* CustomView.swift in Sources */ = {isa = PBXBuildFile; fileRef = 04D4006228AEA63E00423D0F /* CustomView.swift */; };
		04D4006528AEA67800423D0F /* CustomView.xib in Resources */ = {isa = PBXBuildFile; fileRef = 04D4006428AEA67800423D0F /* CustomView.xib */; };
		04F1B37728AFF75C00E99E4F /* Extension.swift in Sources */ = {isa = PBXBuildFile; fileRef = 04F1B37628AFF75C00E99E4F /* Extension.swift */; };
/* End PBXBuildFile section */

/* Begin PBXFileReference section */
		043233FF28AFAFDA00BE361F /* CustomTopView.swift */ = {isa = PBXFileReference; lastKnownFileType = sourcecode.swift; path = CustomTopView.swift; sourceTree = "<group>"; };
		0432340128AFAFF800BE361F /* CustomTopView.xib */ = {isa = PBXFileReference; lastKnownFileType = file.xib; path = CustomTopView.xib; sourceTree = "<group>"; };
		0444087328AEE3AA00518577 /* Monobank.swift */ = {isa = PBXFileReference; lastKnownFileType = sourcecode.swift; path = Monobank.swift; sourceTree = "<group>"; };
		04D4004A28AE87C600423D0F /* Monobank.app */ = {isa = PBXFileReference; explicitFileType = wrapper.application; includeInIndex = 0; path = Monobank.app; sourceTree = BUILT_PRODUCTS_DIR; };
		04D4004D28AE87C600423D0F /* AppDelegate.swift */ = {isa = PBXFileReference; lastKnownFileType = sourcecode.swift; path = AppDelegate.swift; sourceTree = "<group>"; };
		04D4004F28AE87C600423D0F /* SceneDelegate.swift */ = {isa = PBXFileReference; lastKnownFileType = sourcecode.swift; path = SceneDelegate.swift; sourceTree = "<group>"; };
		04D4005428AE87C600423D0F /* Base */ = {isa = PBXFileReference; lastKnownFileType = file.storyboard; name = Base; path = Base.lproj/Main.storyboard; sourceTree = "<group>"; };
		04D4005628AE87C600423D0F /* Assets.xcassets */ = {isa = PBXFileReference; lastKnownFileType = folder.assetcatalog; path = Assets.xcassets; sourceTree = "<group>"; };
		04D4005928AE87C600423D0F /* Base */ = {isa = PBXFileReference; lastKnownFileType = file.storyboard; name = Base; path = Base.lproj/LaunchScreen.storyboard; sourceTree = "<group>"; };
		04D4005B28AE87C600423D0F /* Info.plist */ = {isa = PBXFileReference; lastKnownFileType = text.plist.xml; path = Info.plist; sourceTree = "<group>"; };
		04D4006228AEA63E00423D0F /* CustomView.swift */ = {isa = PBXFileReference; lastKnownFileType = sourcecode.swift; path = CustomView.swift; sourceTree = "<group>"; };
		04D4006428AEA67800423D0F /* CustomView.xib */ = {isa = PBXFileReference; lastKnownFileType = file.xib; path = CustomView.xib; sourceTree = "<group>"; };
		04F1B37628AFF75C00E99E4F /* Extension.swift */ = {isa = PBXFileReference; lastKnownFileType = sourcecode.swift; path = Extension.swift; sourceTree = "<group>"; };
/* End PBXFileReference section */

/* Begin PBXFrameworksBuildPhase section */
		04D4004728AE87C600423D0F /* Frameworks */ = {
			isa = PBXFrameworksBuildPhase;
			buildActionMask = 2147483647;
			files = (
			);
			runOnlyForDeploymentPostprocessing = 0;
		};
/* End PBXFrameworksBuildPhase section */

/* Begin PBXGroup section */
		043233FE28AFAFC500BE361F /* CustomTopView */ = {
			isa = PBXGroup;
			children = (
				043233FF28AFAFDA00BE361F /* CustomTopView.swift */,
				0432340128AFAFF800BE361F /* CustomTopView.xib */,
			);
			path = CustomTopView;
			sourceTree = "<group>";
		};
		04D4004128AE87C600423D0F = {
			isa = PBXGroup;
			children = (
				04D4004C28AE87C600423D0F /* Xib */,
				04D4004B28AE87C600423D0F /* Products */,
			);
			sourceTree = "<group>";
		};
		04D4004B28AE87C600423D0F /* Products */ = {
			isa = PBXGroup;
			children = (
				04D4004A28AE87C600423D0F /* Monobank.app */,
			);
			name = Products;
			sourceTree = "<group>";
		};
		04D4004C28AE87C600423D0F /* Xib */ = {
			isa = PBXGroup;
			children = (
				04F1B37628AFF75C00E99E4F /* Extension.swift */,
				043233FE28AFAFC500BE361F /* CustomTopView */,
				04D4006128AEA5EE00423D0F /* CustomView */,
				04D4004D28AE87C600423D0F /* AppDelegate.swift */,
				04D4004F28AE87C600423D0F /* SceneDelegate.swift */,
				0444087328AEE3AA00518577 /* Monobank.swift */,
				04D4005328AE87C600423D0F /* Main.storyboard */,
				04D4005628AE87C600423D0F /* Assets.xcassets */,
				04D4005828AE87C600423D0F /* LaunchScreen.storyboard */,
				04D4005B28AE87C600423D0F /* Info.plist */,
			);
			path = Xib;
			sourceTree = "<group>";
		};
		04D4006128AEA5EE00423D0F /* CustomView */ = {
			isa = PBXGroup;
			children = (
				04D4006228AEA63E00423D0F /* CustomView.swift */,
				04D4006428AEA67800423D0F /* CustomView.xib */,
			);
			path = CustomView;
			sourceTree = "<group>";
		};
/* End PBXGroup section */

/* Begin PBXNativeTarget section */
		04D4004928AE87C600423D0F /* Monobank */ = {
			isa = PBXNativeTarget;
			buildConfigurationList = 04D4005E28AE87C600423D0F /* Build configuration list for PBXNativeTarget "Monobank" */;
			buildPhases = (
				04D4004628AE87C600423D0F /* Sources */,
				04D4004728AE87C600423D0F /* Frameworks */,
				04D4004828AE87C600423D0F /* Resources */,
			);
			buildRules = (
			);
			dependencies = (
			);
			name = Monobank;
			productName = Xib;
			productReference = 04D4004A28AE87C600423D0F /* Monobank.app */;
			productType = "com.apple.product-type.application";
		};
/* End PBXNativeTarget section */

/* Begin PBXProject section */
		04D4004228AE87C600423D0F /* Project object */ = {
			isa = PBXProject;
			attributes = {
				BuildIndependentTargetsInParallel = 1;
				LastSwiftUpdateCheck = 1340;
				LastUpgradeCheck = 1340;
				TargetAttributes = {
					04D4004928AE87C600423D0F = {
						CreatedOnToolsVersion = 13.4.1;
					};
				};
			};
			buildConfigurationList = 04D4004528AE87C600423D0F /* Build configuration list for PBXProject "Monobank" */;
			compatibilityVersion = "Xcode 13.0";
			developmentRegion = en;
			hasScannedForEncodings = 0;
			knownRegions = (
				en,
				Base,
			);
			mainGroup = 04D4004128AE87C600423D0F;
			productRefGroup = 04D4004B28AE87C600423D0F /* Products */;
			projectDirPath = "";
			projectRoot = "";
			targets = (
				04D4004928AE87C600423D0F /* Monobank */,
			);
		};
/* End PBXProject section */

/* Begin PBXResourcesBuildPhase section */
		04D4004828AE87C600423D0F /* Resources */ = {
			isa = PBXResourcesBuildPhase;
			buildActionMask = 2147483647;
			files = (
				04D4005A28AE87C600423D0F /* LaunchScreen.storyboard in Resources */,
				04D4006528AEA67800423D0F /* CustomView.xib in Resources */,
				04D4005728AE87C600423D0F /* Assets.xcassets in Resources */,
				0432340228AFAFF800BE361F /* CustomTopView.xib in Resources */,
				04D4005528AE87C600423D0F /* Main.storyboard in Resources */,
			);
			runOnlyForDeploymentPostprocessing = 0;
		};
/* End PBXResourcesBuildPhase section */

/* Begin PBXSourcesBuildPhase section */
		04D4004628AE87C600423D0F /* Sources */ = {
			isa = PBXSourcesBuildPhase;
			buildActionMask = 2147483647;
			files = (
				04D4006328AEA63E00423D0F /* CustomView.swift in Sources */,
				04F1B37728AFF75C00E99E4F /* Extension.swift in Sources */,
				04D4004E28AE87C600423D0F /* AppDelegate.swift in Sources */,
				0432340028AFAFDA00BE361F /* CustomTopView.swift in Sources */,
				04D4005028AE87C600423D0F /* SceneDelegate.swift in Sources */,
				0444087428AEE3AA00518577 /* Monobank.swift in Sources */,
			);
			runOnlyForDeploymentPostprocessing = 0;
		};
/* End PBXSourcesBuildPhase section */

/* Begin PBXVariantGroup section */
		04D4005328AE87C600423D0F /* Main.storyboard */ = {
			isa = PBXVariantGroup;
			children = (
				04D4005428AE87C600423D0F /* Base */,
			);
			name = Main.storyboard;
			sourceTree = "<group>";
		};
		04D4005828AE87C600423D0F /* LaunchScreen.storyboard */ = {
			isa = PBXVariantGroup;
			children = (
				04D4005928AE87C600423D0F /* Base */,
			);
			name = LaunchScreen.storyboard;
			sourceTree = "<group>";
		};
/* End PBXVariantGroup section */

/* Begin XCBuildConfiguration section */
		04D4005C28AE87C600423D0F /* Debug */ = {
			isa = XCBuildConfiguration;
			buildSettings = {
				ALWAYS_SEARCH_USER_PATHS = NO;
				CLANG_ANALYZER_NONNULL = YES;
				CLANG_ANALYZER_NUMBER_OBJECT_CONVERSION = YES_AGGRESSIVE;
				CLANG_CXX_LANGUAGE_STANDARD = "gnu++17";
				CLANG_ENABLE_MODULES = YES;
				CLANG_ENABLE_OBJC_ARC = YES;
				CLANG_ENABLE_OBJC_WEAK = YES;
				CLANG_WARN_BLOCK_CAPTURE_AUTORELEASING = YES;
				CLANG_WARN_BOOL_CONVERSION = YES;
				CLANG_WARN_COMMA = YES;
				CLANG_WARN_CONSTANT_CONVERSION = YES;
				CLANG_WARN_DEPRECATED_OBJC_IMPLEMENTATIONS = YES;
				CLANG_WARN_DIRECT_OBJC_ISA_USAGE = YES_ERROR;
				CLANG_WARN_DOCUMENTATION_COMMENTS = YES;
				CLANG_WARN_EMPTY_BODY = YES;
				CLANG_WARN_ENUM_CONVERSION = YES;
				CLANG_WARN_INFINITE_RECURSION = YES;
				CLANG_WARN_INT_CONVERSION = YES;
				CLANG_WARN_NON_LITERAL_NULL_CONVERSION = YES;
				CLANG_WARN_OBJC_IMPLICIT_RETAIN_SELF = YES;
				CLANG_WARN_OBJC_LITERAL_CONVERSION = YES;
				CLANG_WARN_OBJC_ROOT_CLASS = YES_ERROR;
				CLANG_WARN_QUOTED_INCLUDE_IN_FRAMEWORK_HEADER = YES;
				CLANG_WARN_RANGE_LOOP_ANALYSIS = YES;
				CLANG_WARN_STRICT_PROTOTYPES = YES;
				CLANG_WARN_SUSPICIOUS_MOVE = YES;
				CLANG_WARN_UNGUARDED_AVAILABILITY = YES_AGGRESSIVE;
				CLANG_WARN_UNREACHABLE_CODE = YES;
				CLANG_WARN__DUPLICATE_METHOD_MATCH = YES;
				COPY_PHASE_STRIP = NO;
				DEBUG_INFORMATION_FORMAT = dwarf;
				ENABLE_STRICT_OBJC_MSGSEND = YES;
				ENABLE_TESTABILITY = YES;
				GCC_C_LANGUAGE_STANDARD = gnu11;
				GCC_DYNAMIC_NO_PIC = NO;
				GCC_NO_COMMON_BLOCKS = YES;
				GCC_OPTIMIZATION_LEVEL = 0;
				GCC_PREPROCESSOR_DEFINITIONS = (
					"DEBUG=1",
					"$(inherited)",
				);
				GCC_WARN_64_TO_32_BIT_CONVERSION = YES;
				GCC_WARN_ABOUT_RETURN_TYPE = YES_ERROR;
				GCC_WARN_UNDECLARED_SELECTOR = YES;
				GCC_WARN_UNINITIALIZED_AUTOS = YES_AGGRESSIVE;
				GCC_WARN_UNUSED_FUNCTION = YES;
				GCC_WARN_UNUSED_VARIABLE = YES;
				IPHONEOS_DEPLOYMENT_TARGET = 15.5;
				MTL_ENABLE_DEBUG_INFO = INCLUDE_SOURCE;
				MTL_FAST_MATH = YES;
				ONLY_ACTIVE_ARCH = YES;
				SDKROOT = iphoneos;
				SWIFT_ACTIVE_COMPILATION_CONDITIONS = DEBUG;
				SWIFT_OPTIMIZATION_LEVEL = "-Onone";
			};
			name = Debug;
		};
		04D4005D28AE87C600423D0F /* Release */ = {
			isa = XCBuildConfiguration;
			buildSettings = {
				ALWAYS_SEARCH_USER_PATHS = NO;
				CLANG_ANALYZER_NONNULL = YES;
				CLANG_ANALYZER_NUMBER_OBJECT_CONVERSION = YES_AGGRESSIVE;
				CLANG_CXX_LANGUAGE_STANDARD = "gnu++17";
				CLANG_ENABLE_MODULES = YES;
				CLANG_ENABLE_OBJC_ARC = YES;
				CLANG_ENABLE_OBJC_WEAK = YES;
				CLANG_WARN_BLOCK_CAPTURE_AUTORELEASING = YES;
				CLANG_WARN_BOOL_CONVERSION = YES;
				CLANG_WARN_COMMA = YES;
				CLANG_WARN_CONSTANT_CONVERSION = YES;
				CLANG_WARN_DEPRECATED_OBJC_IMPLEMENTATIONS = YES;
				CLANG_WARN_DIRECT_OBJC_ISA_USAGE = YES_ERROR;
				CLANG_WARN_DOCUMENTATION_COMMENTS = YES;
				CLANG_WARN_EMPTY_BODY = YES;
				CLANG_WARN_ENUM_CONVERSION = YES;
				CLANG_WARN_INFINITE_RECURSION = YES;
				CLANG_WARN_INT_CONVERSION = YES;
				CLANG_WARN_NON_LITERAL_NULL_CONVERSION = YES;
				CLANG_WARN_OBJC_IMPLICIT_RETAIN_SELF = YES;
				CLANG_WARN_OBJC_LITERAL_CONVERSION = YES;
				CLANG_WARN_OBJC_ROOT_CLASS = YES_ERROR;
				CLANG_WARN_QUOTED_INCLUDE_IN_FRAMEWORK_HEADER = YES;
				CLANG_WARN_RANGE_LOOP_ANALYSIS = YES;
				CLANG_WARN_STRICT_PROTOTYPES = YES;
				CLANG_WARN_SUSPICIOUS_MOVE = YES;
				CLANG_WARN_UNGUARDED_AVAILABILITY = YES_AGGRESSIVE;
				CLANG_WARN_UNREACHABLE_CODE = YES;
				CLANG_WARN__DUPLICATE_METHOD_MATCH = YES;
				COPY_PHASE_STRIP = NO;
				DEBUG_INFORMATION_FORMAT = "dwarf-with-dsym";
				ENABLE_NS_ASSERTIONS = NO;
				ENABLE_STRICT_OBJC_MSGSEND = YES;
				GCC_C_LANGUAGE_STANDARD = gnu11;
				GCC_NO_COMMON_BLOCKS = YES;
				GCC_WARN_64_TO_32_BIT_CONVERSION = YES;
				GCC_WARN_ABOUT_RETURN_TYPE = YES_ERROR;
				GCC_WARN_UNDECLARED_SELECTOR = YES;
				GCC_WARN_UNINITIALIZED_AUTOS = YES_AGGRESSIVE;
				GCC_WARN_UNUSED_FUNCTION = YES;
				GCC_WARN_UNUSED_VARIABLE = YES;
				IPHONEOS_DEPLOYMENT_TARGET = 15.5;
				MTL_ENABLE_DEBUG_INFO = NO;
				MTL_FAST_MATH = YES;
				SDKROOT = iphoneos;
				SWIFT_COMPILATION_MODE = wholemodule;
				SWIFT_OPTIMIZATION_LEVEL = "-O";
				VALIDATE_PRODUCT = YES;
			};
			name = Release;
		};
		04D4005F28AE87C600423D0F /* Debug */ = {
			isa = XCBuildConfiguration;
			buildSettings = {
				ASSETCATALOG_COMPILER_APPICON_NAME = AppIcon;
				ASSETCATALOG_COMPILER_GLOBAL_ACCENT_COLOR_NAME = AccentColor;
				CODE_SIGN_STYLE = Automatic;
				CURRENT_PROJECT_VERSION = 1;
				DEVELOPMENT_TEAM = KU38Q6SWMB;
				GENERATE_INFOPLIST_FILE = YES;
				INFOPLIST_FILE = Xib/Info.plist;
				INFOPLIST_KEY_CFBundleDisplayName = Monobank;
				INFOPLIST_KEY_UIApplicationSupportsIndirectInputEvents = YES;
				INFOPLIST_KEY_UILaunchStoryboardName = LaunchScreen;
				INFOPLIST_KEY_UIMainStoryboardFile = Main;
				INFOPLIST_KEY_UISupportedInterfaceOrientations_iPad = "UIInterfaceOrientationPortrait UIInterfaceOrientationPortraitUpsideDown UIInterfaceOrientationLandscapeLeft UIInterfaceOrientationLandscapeRight";
				INFOPLIST_KEY_UISupportedInterfaceOrientations_iPhone = "UIInterfaceOrientationPortrait UIInterfaceOrientationLandscapeLeft UIInterfaceOrientationLandscapeRight";
				LD_RUNPATH_SEARCH_PATHS = (
					"$(inherited)",
					"@executable_path/Frameworks",
				);
				MARKETING_VERSION = 1.0;
				PRODUCT_BUNDLE_IDENTIFIER = myapp.Xib;
				PRODUCT_NAME = "$(TARGET_NAME)";
				SWIFT_EMIT_LOC_STRINGS = YES;
				SWIFT_VERSION = 5.0;
				TARGETED_DEVICE_FAMILY = "1,2";
			};
			name = Debug;
		};
		04D4006028AE87C600423D0F /* Release */ = {
			isa = XCBuildConfiguration;
			buildSettings = {
				ASSETCATALOG_COMPILER_APPICON_NAME = AppIcon;
				ASSETCATALOG_COMPILER_GLOBAL_ACCENT_COLOR_NAME = AccentColor;
				CODE_SIGN_STYLE = Automatic;
				CURRENT_PROJECT_VERSION = 1;
				DEVELOPMENT_TEAM = KU38Q6SWMB;
				GENERATE_INFOPLIST_FILE = YES;
				INFOPLIST_FILE = Xib/Info.plist;
				INFOPLIST_KEY_CFBundleDisplayName = Monobank;
				INFOPLIST_KEY_UIApplicationSupportsIndirectInputEvents = YES;
				INFOPLIST_KEY_UILaunchStoryboardName = LaunchScreen;
				INFOPLIST_KEY_UIMainStoryboardFile = Main;
				INFOPLIST_KEY_UISupportedInterfaceOrientations_iPad = "UIInterfaceOrientationPortrait UIInterfaceOrientationPortraitUpsideDown UIInterfaceOrientationLandscapeLeft UIInterfaceOrientationLandscapeRight";
				INFOPLIST_KEY_UISupportedInterfaceOrientations_iPhone = "UIInterfaceOrientationPortrait UIInterfaceOrientationLandscapeLeft UIInterfaceOrientationLandscapeRight";
				LD_RUNPATH_SEARCH_PATHS = (
					"$(inherited)",
					"@executable_path/Frameworks",
				);
				MARKETING_VERSION = 1.0;
				PRODUCT_BUNDLE_IDENTIFIER = myapp.Xib;
				PRODUCT_NAME = "$(TARGET_NAME)";
				SWIFT_EMIT_LOC_STRINGS = YES;
				SWIFT_VERSION = 5.0;
				TARGETED_DEVICE_FAMILY = "1,2";
			};
			name = Release;
		};
/* End XCBuildConfiguration section */

/* Begin XCConfigurationList section */
		04D4004528AE87C600423D0F /* Build configuration list for PBXProject "Monobank" */ = {
			isa = XCConfigurationList;
			buildConfigurations = (
				04D4005C28AE87C600423D0F /* Debug */,
				04D4005D28AE87C600423D0F /* Release */,
			);
			defaultConfigurationIsVisible = 0;
			defaultConfigurationName = Release;
		};
		04D4005E28AE87C600423D0F /* Build configuration list for PBXNativeTarget "Monobank" */ = {
			isa = XCConfigurationList;
			buildConfigurations = (
				04D4005F28AE87C600423D0F /* Debug */,
				04D4006028AE87C600423D0F /* Release */,
			);
			defaultConfigurationIsVisible = 0;
			defaultConfigurationName = Release;
		};
/* End XCConfigurationList section */
	};
	rootObject = 04D4004228AE87C600423D0F /* Project object */;
}
