// !$*UTF8*$!
{
	archiveVersion = 1;
	classes = {
	};
	objectVersion = 55;
	objects = {

/* Begin PBXBuildFile section */
		04642A0828AE782400673232 /* koala.json in Resources */ = {isa = PBXBuildFile; fileRef = 04642A0728AE782400673232 /* koala.json */; };
		04CD63AF28ABA92700512F75 /* AppDelegate.swift in Sources */ = {isa = PBXBuildFile; fileRef = 04CD63AE28ABA92700512F75 /* AppDelegate.swift */; };
		04CD63B128ABA92700512F75 /* SceneDelegate.swift in Sources */ = {isa = PBXBuildFile; fileRef = 04CD63B028ABA92700512F75 /* SceneDelegate.swift */; };
		04CD63B328ABA92700512F75 /* ViewController.swift in Sources */ = {isa = PBXBuildFile; fileRef = 04CD63B228ABA92700512F75 /* ViewController.swift */; };
		04CD63B628ABA92700512F75 /* Main.storyboard in Resources */ = {isa = PBXBuildFile; fileRef = 04CD63B428ABA92700512F75 /* Main.storyboard */; };
		04CD63B828ABA92A00512F75 /* Assets.xcassets in Resources */ = {isa = PBXBuildFile; fileRef = 04CD63B728ABA92A00512F75 /* Assets.xcassets */; };
		04CD63BB28ABA92A00512F75 /* LaunchScreen.storyboard in Resources */ = {isa = PBXBuildFile; fileRef = 04CD63B928ABA92A00512F75 /* LaunchScreen.storyboard */; };
		04CD63C828ABAC2F00512F75 /* FirstViewController.swift in Sources */ = {isa = PBXBuildFile; fileRef = 04CD63C728ABAC2F00512F75 /* FirstViewController.swift */; };
		04CD63CA28ABAC3D00512F75 /* SecondViewController.swift in Sources */ = {isa = PBXBuildFile; fileRef = 04CD63C928ABAC3D00512F75 /* SecondViewController.swift */; };
		04CD63CC28ABAC4800512F75 /* ThirdViewController.swift in Sources */ = {isa = PBXBuildFile; fileRef = 04CD63CB28ABAC4800512F75 /* ThirdViewController.swift */; };
		CF0B3DEA807CD1627B51AEBD /* Pods_Homework_6.framework in Frameworks */ = {isa = PBXBuildFile; fileRef = 3A645F761E5D0C8C63175B61 /* Pods_Homework_6.framework */; };
/* End PBXBuildFile section */

/* Begin PBXFileReference section */
		04642A0728AE782400673232 /* koala.json */ = {isa = PBXFileReference; fileEncoding = 4; lastKnownFileType = text.json; path = koala.json; sourceTree = "<group>"; };
		04CD63AB28ABA92700512F75 /* Homework 6.app */ = {isa = PBXFileReference; explicitFileType = wrapper.application; includeInIndex = 0; path = "Homework 6.app"; sourceTree = BUILT_PRODUCTS_DIR; };
		04CD63AE28ABA92700512F75 /* AppDelegate.swift */ = {isa = PBXFileReference; lastKnownFileType = sourcecode.swift; path = AppDelegate.swift; sourceTree = "<group>"; };
		04CD63B028ABA92700512F75 /* SceneDelegate.swift */ = {isa = PBXFileReference; lastKnownFileType = sourcecode.swift; path = SceneDelegate.swift; sourceTree = "<group>"; };
		04CD63B228ABA92700512F75 /* ViewController.swift */ = {isa = PBXFileReference; lastKnownFileType = sourcecode.swift; path = ViewController.swift; sourceTree = "<group>"; };
		04CD63B528ABA92700512F75 /* Base */ = {isa = PBXFileReference; lastKnownFileType = file.storyboard; name = Base; path = Base.lproj/Main.storyboard; sourceTree = "<group>"; };
		04CD63B728ABA92A00512F75 /* Assets.xcassets */ = {isa = PBXFileReference; lastKnownFileType = folder.assetcatalog; path = Assets.xcassets; sourceTree = "<group>"; };
		04CD63BA28ABA92A00512F75 /* Base */ = {isa = PBXFileReference; lastKnownFileType = file.storyboard; name = Base; path = Base.lproj/LaunchScreen.storyboard; sourceTree = "<group>"; };
		04CD63BC28ABA92A00512F75 /* Info.plist */ = {isa = PBXFileReference; lastKnownFileType = text.plist.xml; path = Info.plist; sourceTree = "<group>"; };
		04CD63C728ABAC2F00512F75 /* FirstViewController.swift */ = {isa = PBXFileReference; lastKnownFileType = sourcecode.swift; path = FirstViewController.swift; sourceTree = "<group>"; };
		04CD63C928ABAC3D00512F75 /* SecondViewController.swift */ = {isa = PBXFileReference; lastKnownFileType = sourcecode.swift; path = SecondViewController.swift; sourceTree = "<group>"; };
		04CD63CB28ABAC4800512F75 /* ThirdViewController.swift */ = {isa = PBXFileReference; lastKnownFileType = sourcecode.swift; path = ThirdViewController.swift; sourceTree = "<group>"; };
		0758B10FD19EE64AC6BE5DAF /* Pods-Homework 6.release.xcconfig */ = {isa = PBXFileReference; includeInIndex = 1; lastKnownFileType = text.xcconfig; name = "Pods-Homework 6.release.xcconfig"; path = "Target Support Files/Pods-Homework 6/Pods-Homework 6.release.xcconfig"; sourceTree = "<group>"; };
		3A645F761E5D0C8C63175B61 /* Pods_Homework_6.framework */ = {isa = PBXFileReference; explicitFileType = wrapper.framework; includeInIndex = 0; path = Pods_Homework_6.framework; sourceTree = BUILT_PRODUCTS_DIR; };
		ED49D6DCC8408DA4F84683E1 /* Pods-Homework 6.debug.xcconfig */ = {isa = PBXFileReference; includeInIndex = 1; lastKnownFileType = text.xcconfig; name = "Pods-Homework 6.debug.xcconfig"; path = "Target Support Files/Pods-Homework 6/Pods-Homework 6.debug.xcconfig"; sourceTree = "<group>"; };
/* End PBXFileReference section */

/* Begin PBXFrameworksBuildPhase section */
		04CD63A828ABA92700512F75 /* Frameworks */ = {
			isa = PBXFrameworksBuildPhase;
			buildActionMask = 2147483647;
			files = (
				CF0B3DEA807CD1627B51AEBD /* Pods_Homework_6.framework in Frameworks */,
			);
			runOnlyForDeploymentPostprocessing = 0;
		};
/* End PBXFrameworksBuildPhase section */

/* Begin PBXGroup section */
		04CD63A228ABA92700512F75 = {
			isa = PBXGroup;
			children = (
				04CD63AD28ABA92700512F75 /* Homework 6 */,
				04CD63AC28ABA92700512F75 /* Products */,
				4AC0DE06A66CC213A73C2E4B /* Pods */,
				A02ADE02FD648C0F76317641 /* Frameworks */,
			);
			sourceTree = "<group>";
		};
		04CD63AC28ABA92700512F75 /* Products */ = {
			isa = PBXGroup;
			children = (
				04CD63AB28ABA92700512F75 /* Homework 6.app */,
			);
			name = Products;
			sourceTree = "<group>";
		};
		04CD63AD28ABA92700512F75 /* Homework 6 */ = {
			isa = PBXGroup;
			children = (
				04642A0728AE782400673232 /* koala.json */,
				04CD63AE28ABA92700512F75 /* AppDelegate.swift */,
				04CD63B028ABA92700512F75 /* SceneDelegate.swift */,
				04CD63B228ABA92700512F75 /* ViewController.swift */,
				04CD63B428ABA92700512F75 /* Main.storyboard */,
				04CD63B728ABA92A00512F75 /* Assets.xcassets */,
				04CD63B928ABA92A00512F75 /* LaunchScreen.storyboard */,
				04CD63BC28ABA92A00512F75 /* Info.plist */,
				04CD63C728ABAC2F00512F75 /* FirstViewController.swift */,
				04CD63C928ABAC3D00512F75 /* SecondViewController.swift */,
				04CD63CB28ABAC4800512F75 /* ThirdViewController.swift */,
			);
			path = "Homework 6";
			sourceTree = "<group>";
		};
		4AC0DE06A66CC213A73C2E4B /* Pods */ = {
			isa = PBXGroup;
			children = (
				ED49D6DCC8408DA4F84683E1 /* Pods-Homework 6.debug.xcconfig */,
				0758B10FD19EE64AC6BE5DAF /* Pods-Homework 6.release.xcconfig */,
			);
			path = Pods;
			sourceTree = "<group>";
		};
		A02ADE02FD648C0F76317641 /* Frameworks */ = {
			isa = PBXGroup;
			children = (
				3A645F761E5D0C8C63175B61 /* Pods_Homework_6.framework */,
			);
			name = Frameworks;
			sourceTree = "<group>";
		};
/* End PBXGroup section */

/* Begin PBXNativeTarget section */
		04CD63AA28ABA92700512F75 /* Homework 6 */ = {
			isa = PBXNativeTarget;
			buildConfigurationList = 04CD63BF28ABA92A00512F75 /* Build configuration list for PBXNativeTarget "Homework 6" */;
			buildPhases = (
				4C7E1433DD2ADC4A929B17FE /* [CP] Check Pods Manifest.lock */,
				04CD63A728ABA92700512F75 /* Sources */,
				04CD63A828ABA92700512F75 /* Frameworks */,
				04CD63A928ABA92700512F75 /* Resources */,
				5C46C20E30712B91D990223C /* [CP] Embed Pods Frameworks */,
			);
			buildRules = (
			);
			dependencies = (
			);
			name = "Homework 6";
			productName = "Homework 6";
			productReference = 04CD63AB28ABA92700512F75 /* Homework 6.app */;
			productType = "com.apple.product-type.application";
		};
/* End PBXNativeTarget section */

/* Begin PBXProject section */
		04CD63A328ABA92700512F75 /* Project object */ = {
			isa = PBXProject;
			attributes = {
				BuildIndependentTargetsInParallel = 1;
				LastSwiftUpdateCheck = 1340;
				LastUpgradeCheck = 1340;
				TargetAttributes = {
					04CD63AA28ABA92700512F75 = {
						CreatedOnToolsVersion = 13.4.1;
					};
				};
			};
			buildConfigurationList = 04CD63A628ABA92700512F75 /* Build configuration list for PBXProject "Homework 6" */;
			compatibilityVersion = "Xcode 13.0";
			developmentRegion = en;
			hasScannedForEncodings = 0;
			knownRegions = (
				en,
				Base,
			);
			mainGroup = 04CD63A228ABA92700512F75;
			productRefGroup = 04CD63AC28ABA92700512F75 /* Products */;
			projectDirPath = "";
			projectRoot = "";
			targets = (
				04CD63AA28ABA92700512F75 /* Homework 6 */,
			);
		};
/* End PBXProject section */

/* Begin PBXResourcesBuildPhase section */
		04CD63A928ABA92700512F75 /* Resources */ = {
			isa = PBXResourcesBuildPhase;
			buildActionMask = 2147483647;
			files = (
				04CD63BB28ABA92A00512F75 /* LaunchScreen.storyboard in Resources */,
				04CD63B828ABA92A00512F75 /* Assets.xcassets in Resources */,
				04642A0828AE782400673232 /* koala.json in Resources */,
				04CD63B628ABA92700512F75 /* Main.storyboard in Resources */,
			);
			runOnlyForDeploymentPostprocessing = 0;
		};
/* End PBXResourcesBuildPhase section */

/* Begin PBXShellScriptBuildPhase section */
		4C7E1433DD2ADC4A929B17FE /* [CP] Check Pods Manifest.lock */ = {
			isa = PBXShellScriptBuildPhase;
			buildActionMask = 2147483647;
			files = (
			);
			inputFileListPaths = (
			);
			inputPaths = (
				"${PODS_PODFILE_DIR_PATH}/Podfile.lock",
				"${PODS_ROOT}/Manifest.lock",
			);
			name = "[CP] Check Pods Manifest.lock";
			outputFileListPaths = (
			);
			outputPaths = (
				"$(DERIVED_FILE_DIR)/Pods-Homework 6-checkManifestLockResult.txt",
			);
			runOnlyForDeploymentPostprocessing = 0;
			shellPath = /bin/sh;
			shellScript = "diff \"${PODS_PODFILE_DIR_PATH}/Podfile.lock\" \"${PODS_ROOT}/Manifest.lock\" > /dev/null\nif [ $? != 0 ] ; then\n    # print error to STDERR\n    echo \"error: The sandbox is not in sync with the Podfile.lock. Run 'pod install' or update your CocoaPods installation.\" >&2\n    exit 1\nfi\n# This output is used by Xcode 'outputs' to avoid re-running this script phase.\necho \"SUCCESS\" > \"${SCRIPT_OUTPUT_FILE_0}\"\n";
			showEnvVarsInLog = 0;
		};
		5C46C20E30712B91D990223C /* [CP] Embed Pods Frameworks */ = {
			isa = PBXShellScriptBuildPhase;
			buildActionMask = 2147483647;
			files = (
			);
			inputFileListPaths = (
				"${PODS_ROOT}/Target Support Files/Pods-Homework 6/Pods-Homework 6-frameworks-${CONFIGURATION}-input-files.xcfilelist",
			);
			name = "[CP] Embed Pods Frameworks";
			outputFileListPaths = (
				"${PODS_ROOT}/Target Support Files/Pods-Homework 6/Pods-Homework 6-frameworks-${CONFIGURATION}-output-files.xcfilelist",
			);
			runOnlyForDeploymentPostprocessing = 0;
			shellPath = /bin/sh;
			shellScript = "\"${PODS_ROOT}/Target Support Files/Pods-Homework 6/Pods-Homework 6-frameworks.sh\"\n";
			showEnvVarsInLog = 0;
		};
/* End PBXShellScriptBuildPhase section */

/* Begin PBXSourcesBuildPhase section */
		04CD63A728ABA92700512F75 /* Sources */ = {
			isa = PBXSourcesBuildPhase;
			buildActionMask = 2147483647;
			files = (
				04CD63B328ABA92700512F75 /* ViewController.swift in Sources */,
				04CD63AF28ABA92700512F75 /* AppDelegate.swift in Sources */,
				04CD63B128ABA92700512F75 /* SceneDelegate.swift in Sources */,
				04CD63CA28ABAC3D00512F75 /* SecondViewController.swift in Sources */,
				04CD63CC28ABAC4800512F75 /* ThirdViewController.swift in Sources */,
				04CD63C828ABAC2F00512F75 /* FirstViewController.swift in Sources */,
			);
			runOnlyForDeploymentPostprocessing = 0;
		};
/* End PBXSourcesBuildPhase section */

/* Begin PBXVariantGroup section */
		04CD63B428ABA92700512F75 /* Main.storyboard */ = {
			isa = PBXVariantGroup;
			children = (
				04CD63B528ABA92700512F75 /* Base */,
			);
			name = Main.storyboard;
			sourceTree = "<group>";
		};
		04CD63B928ABA92A00512F75 /* LaunchScreen.storyboard */ = {
			isa = PBXVariantGroup;
			children = (
				04CD63BA28ABA92A00512F75 /* Base */,
			);
			name = LaunchScreen.storyboard;
			sourceTree = "<group>";
		};
/* End PBXVariantGroup section */

/* Begin XCBuildConfiguration section */
		04CD63BD28ABA92A00512F75 /* Debug */ = {
			isa = XCBuildConfiguration;
			buildSettings = {
				ALWAYS_SEARCH_USER_PATHS = NO;
				CLANG_ANALYZER_NONNULL = YES;
				CLANG_ANALYZER_NUMBER_OBJECT_CONVERSION = YES_AGGRESSIVE;
				CLANG_CXX_LANGUAGE_STANDARD = "gnu++17";
				CLANG_ENABLE_MODULES = YES;
				CLANG_ENABLE_OBJC_ARC = YES;
				CLANG_ENABLE_OBJC_WEAK = YES;
				CLANG_WARN_BLOCK_CAPTURE_AUTORELEASING = YES;
				CLANG_WARN_BOOL_CONVERSION = YES;
				CLANG_WARN_COMMA = YES;
				CLANG_WARN_CONSTANT_CONVERSION = YES;
				CLANG_WARN_DEPRECATED_OBJC_IMPLEMENTATIONS = YES;
				CLANG_WARN_DIRECT_OBJC_ISA_USAGE = YES_ERROR;
				CLANG_WARN_DOCUMENTATION_COMMENTS = YES;
				CLANG_WARN_EMPTY_BODY = YES;
				CLANG_WARN_ENUM_CONVERSION = YES;
				CLANG_WARN_INFINITE_RECURSION = YES;
				CLANG_WARN_INT_CONVERSION = YES;
				CLANG_WARN_NON_LITERAL_NULL_CONVERSION = YES;
				CLANG_WARN_OBJC_IMPLICIT_RETAIN_SELF = YES;
				CLANG_WARN_OBJC_LITERAL_CONVERSION = YES;
				CLANG_WARN_OBJC_ROOT_CLASS = YES_ERROR;
				CLANG_WARN_QUOTED_INCLUDE_IN_FRAMEWORK_HEADER = YES;
				CLANG_WARN_RANGE_LOOP_ANALYSIS = YES;
				CLANG_WARN_STRICT_PROTOTYPES = YES;
				CLANG_WARN_SUSPICIOUS_MOVE = YES;
				CLANG_WARN_UNGUARDED_AVAILABILITY = YES_AGGRESSIVE;
				CLANG_WARN_UNREACHABLE_CODE = YES;
				CLANG_WARN__DUPLICATE_METHOD_MATCH = YES;
				COPY_PHASE_STRIP = NO;
				DEBUG_INFORMATION_FORMAT = dwarf;
				ENABLE_STRICT_OBJC_MSGSEND = YES;
				ENABLE_TESTABILITY = YES;
				GCC_C_LANGUAGE_STANDARD = gnu11;
				GCC_DYNAMIC_NO_PIC = NO;
				GCC_NO_COMMON_BLOCKS = YES;
				GCC_OPTIMIZATION_LEVEL = 0;
				GCC_PREPROCESSOR_DEFINITIONS = (
					"DEBUG=1",
					"$(inherited)",
				);
				GCC_WARN_64_TO_32_BIT_CONVERSION = YES;
				GCC_WARN_ABOUT_RETURN_TYPE = YES_ERROR;
				GCC_WARN_UNDECLARED_SELECTOR = YES;
				GCC_WARN_UNINITIALIZED_AUTOS = YES_AGGRESSIVE;
				GCC_WARN_UNUSED_FUNCTION = YES;
				GCC_WARN_UNUSED_VARIABLE = YES;
				IPHONEOS_DEPLOYMENT_TARGET = 15.5;
				MTL_ENABLE_DEBUG_INFO = INCLUDE_SOURCE;
				MTL_FAST_MATH = YES;
				ONLY_ACTIVE_ARCH = YES;
				SDKROOT = iphoneos;
				SWIFT_ACTIVE_COMPILATION_CONDITIONS = DEBUG;
				SWIFT_OPTIMIZATION_LEVEL = "-Onone";
			};
			name = Debug;
		};
		04CD63BE28ABA92A00512F75 /* Release */ = {
			isa = XCBuildConfiguration;
			buildSettings = {
				ALWAYS_SEARCH_USER_PATHS = NO;
				CLANG_ANALYZER_NONNULL = YES;
				CLANG_ANALYZER_NUMBER_OBJECT_CONVERSION = YES_AGGRESSIVE;
				CLANG_CXX_LANGUAGE_STANDARD = "gnu++17";
				CLANG_ENABLE_MODULES = YES;
				CLANG_ENABLE_OBJC_ARC = YES;
				CLANG_ENABLE_OBJC_WEAK = YES;
				CLANG_WARN_BLOCK_CAPTURE_AUTORELEASING = YES;
				CLANG_WARN_BOOL_CONVERSION = YES;
				CLANG_WARN_COMMA = YES;
				CLANG_WARN_CONSTANT_CONVERSION = YES;
				CLANG_WARN_DEPRECATED_OBJC_IMPLEMENTATIONS = YES;
				CLANG_WARN_DIRECT_OBJC_ISA_USAGE = YES_ERROR;
				CLANG_WARN_DOCUMENTATION_COMMENTS = YES;
				CLANG_WARN_EMPTY_BODY = YES;
				CLANG_WARN_ENUM_CONVERSION = YES;
				CLANG_WARN_INFINITE_RECURSION = YES;
				CLANG_WARN_INT_CONVERSION = YES;
				CLANG_WARN_NON_LITERAL_NULL_CONVERSION = YES;
				CLANG_WARN_OBJC_IMPLICIT_RETAIN_SELF = YES;
				CLANG_WARN_OBJC_LITERAL_CONVERSION = YES;
				CLANG_WARN_OBJC_ROOT_CLASS = YES_ERROR;
				CLANG_WARN_QUOTED_INCLUDE_IN_FRAMEWORK_HEADER = YES;
				CLANG_WARN_RANGE_LOOP_ANALYSIS = YES;
				CLANG_WARN_STRICT_PROTOTYPES = YES;
				CLANG_WARN_SUSPICIOUS_MOVE = YES;
				CLANG_WARN_UNGUARDED_AVAILABILITY = YES_AGGRESSIVE;
				CLANG_WARN_UNREACHABLE_CODE = YES;
				CLANG_WARN__DUPLICATE_METHOD_MATCH = YES;
				COPY_PHASE_STRIP = NO;
				DEBUG_INFORMATION_FORMAT = "dwarf-with-dsym";
				ENABLE_NS_ASSERTIONS = NO;
				ENABLE_STRICT_OBJC_MSGSEND = YES;
				GCC_C_LANGUAGE_STANDARD = gnu11;
				GCC_NO_COMMON_BLOCKS = YES;
				GCC_WARN_64_TO_32_BIT_CONVERSION = YES;
				GCC_WARN_ABOUT_RETURN_TYPE = YES_ERROR;
				GCC_WARN_UNDECLARED_SELECTOR = YES;
				GCC_WARN_UNINITIALIZED_AUTOS = YES_AGGRESSIVE;
				GCC_WARN_UNUSED_FUNCTION = YES;
				GCC_WARN_UNUSED_VARIABLE = YES;
				IPHONEOS_DEPLOYMENT_TARGET = 15.5;
				MTL_ENABLE_DEBUG_INFO = NO;
				MTL_FAST_MATH = YES;
				SDKROOT = iphoneos;
				SWIFT_COMPILATION_MODE = wholemodule;
				SWIFT_OPTIMIZATION_LEVEL = "-O";
				VALIDATE_PRODUCT = YES;
			};
			name = Release;
		};
		04CD63C028ABA92A00512F75 /* Debug */ = {
			isa = XCBuildConfiguration;
			baseConfigurationReference = ED49D6DCC8408DA4F84683E1 /* Pods-Homework 6.debug.xcconfig */;
			buildSettings = {
				ASSETCATALOG_COMPILER_APPICON_NAME = AppIcon;
				ASSETCATALOG_COMPILER_GLOBAL_ACCENT_COLOR_NAME = AccentColor;
				CODE_SIGN_STYLE = Automatic;
				CURRENT_PROJECT_VERSION = 1;
				DEVELOPMENT_TEAM = KU38Q6SWMB;
				GENERATE_INFOPLIST_FILE = YES;
				INFOPLIST_FILE = "Homework 6/Info.plist";
				INFOPLIST_KEY_UIApplicationSupportsIndirectInputEvents = YES;
				INFOPLIST_KEY_UILaunchStoryboardName = LaunchScreen;
				INFOPLIST_KEY_UIMainStoryboardFile = Main;
				INFOPLIST_KEY_UISupportedInterfaceOrientations_iPad = "UIInterfaceOrientationPortrait UIInterfaceOrientationPortraitUpsideDown UIInterfaceOrientationLandscapeLeft UIInterfaceOrientationLandscapeRight";
				INFOPLIST_KEY_UISupportedInterfaceOrientations_iPhone = "UIInterfaceOrientationPortrait UIInterfaceOrientationLandscapeLeft UIInterfaceOrientationLandscapeRight";
				LD_RUNPATH_SEARCH_PATHS = (
					"$(inherited)",
					"@executable_path/Frameworks",
				);
				MARKETING_VERSION = 1.0;
				PRODUCT_BUNDLE_IDENTIFIER = "myapp.Homework-6";
				PRODUCT_NAME = "$(TARGET_NAME)";
				SWIFT_EMIT_LOC_STRINGS = YES;
				SWIFT_VERSION = 5.0;
				TARGETED_DEVICE_FAMILY = "1,2";
			};
			name = Debug;
		};
		04CD63C128ABA92A00512F75 /* Release */ = {
			isa = XCBuildConfiguration;
			baseConfigurationReference = 0758B10FD19EE64AC6BE5DAF /* Pods-Homework 6.release.xcconfig */;
			buildSettings = {
				ASSETCATALOG_COMPILER_APPICON_NAME = AppIcon;
				ASSETCATALOG_COMPILER_GLOBAL_ACCENT_COLOR_NAME = AccentColor;
				CODE_SIGN_STYLE = Automatic;
				CURRENT_PROJECT_VERSION = 1;
				DEVELOPMENT_TEAM = KU38Q6SWMB;
				GENERATE_INFOPLIST_FILE = YES;
				INFOPLIST_FILE = "Homework 6/Info.plist";
				INFOPLIST_KEY_UIApplicationSupportsIndirectInputEvents = YES;
				INFOPLIST_KEY_UILaunchStoryboardName = LaunchScreen;
				INFOPLIST_KEY_UIMainStoryboardFile = Main;
				INFOPLIST_KEY_UISupportedInterfaceOrientations_iPad = "UIInterfaceOrientationPortrait UIInterfaceOrientationPortraitUpsideDown UIInterfaceOrientationLandscapeLeft UIInterfaceOrientationLandscapeRight";
				INFOPLIST_KEY_UISupportedInterfaceOrientations_iPhone = "UIInterfaceOrientationPortrait UIInterfaceOrientationLandscapeLeft UIInterfaceOrientationLandscapeRight";
				LD_RUNPATH_SEARCH_PATHS = (
					"$(inherited)",
					"@executable_path/Frameworks",
				);
				MARKETING_VERSION = 1.0;
				PRODUCT_BUNDLE_IDENTIFIER = "myapp.Homework-6";
				PRODUCT_NAME = "$(TARGET_NAME)";
				SWIFT_EMIT_LOC_STRINGS = YES;
				SWIFT_VERSION = 5.0;
				TARGETED_DEVICE_FAMILY = "1,2";
			};
			name = Release;
		};
/* End XCBuildConfiguration section */

/* Begin XCConfigurationList section */
		04CD63A628ABA92700512F75 /* Build configuration list for PBXProject "Homework 6" */ = {
			isa = XCConfigurationList;
			buildConfigurations = (
				04CD63BD28ABA92A00512F75 /* Debug */,
				04CD63BE28ABA92A00512F75 /* Release */,
			);
			defaultConfigurationIsVisible = 0;
			defaultConfigurationName = Release;
		};
		04CD63BF28ABA92A00512F75 /* Build configuration list for PBXNativeTarget "Homework 6" */ = {
			isa = XCConfigurationList;
			buildConfigurations = (
				04CD63C028ABA92A00512F75 /* Debug */,
				04CD63C128ABA92A00512F75 /* Release */,
			);
			defaultConfigurationIsVisible = 0;
			defaultConfigurationName = Release;
		};
/* End XCConfigurationList section */
	};
	rootObject = 04CD63A328ABA92700512F75 /* Project object */;
}
